
Microsoft Visual Studio Solution File, Format Version 12.00
# Visual Studio 15
VisualStudioVersion = 15.0.28307.1927
MinimumVisualStudioVersion = 10.0.40219.1
Project("{D2ABAB84-BF74-430A-B69E-9DC6D40DDA17}") = "SSAS_PiotrWyrzyk_BartlomiejGus", "SSAS_PiotrWyrzyk_BartlomiejGus\SSAS_PiotrWyrzyk_BartlomiejGus.dwproj", "{AF049283-02F4-483D-B76B-9758A5339C2C}"
EndProject
Global
	GlobalSection(SolutionConfigurationPlatforms) = preSolution
		Development|Default = Development|Default
	EndGlobalSection
	GlobalSection(ProjectConfigurationPlatforms) = postSolution
		{AF049283-02F4-483D-B76B-9758A5339C2C}.Development|Default.ActiveCfg = Development
		{AF049283-02F4-483D-B76B-9758A5339C2C}.Development|Default.Build.0 = Development
		{AF049283-02F4-483D-B76B-9758A5339C2C}.Development|Default.Deploy.0 = Development
	EndGlobalSection
	GlobalSection(SolutionProperties) = preSolution
		HideSolutionNode = FALSE
	EndGlobalSection
	GlobalSection(ExtensibilityGlobals) = postSolution
		SolutionGuid = {277CE9C4-8493-4A09-8C67-CF7E33CE7CD6}
	EndGlobalSection
EndGlobal
